
Microsoft Visual Studio Solution File, Format Version 12.00
# Visual Studio Version 17
VisualStudioVersion = 17.10.35027.167
MinimumVisualStudioVersion = 10.0.40219.1
Project("{2150E333-8FDC-42A3-9474-1A3956D46DE8}") = "src", "src", "{AB42AC70-8C08-4521-897A-758BD70234DD}"
EndProject
Project("{2150E333-8FDC-42A3-9474-1A3956D46DE8}") = "Shared", "Shared", "{ED2EB4C0-5D17-4F06-B05E-FC90CC1EDFC7}"
EndProject
Project("{FAE04EC0-301F-11D3-BF4B-00C04F79EFBC}") = "PackIT.Shared", "src\PackIT.Shared\PackIT.Shared.csproj", "{7C18F30B-0D3D-4F09-93B9-7F7CA131DF5E}"
EndProject
Project("{FAE04EC0-301F-11D3-BF4B-00C04F79EFBC}") = "PackIT.Shared.Abstractions", "src\PackIT.Shared.Abstractions\PackIT.Shared.Abstractions.csproj", "{E1DE8226-B315-4976-B01B-B08B687C1621}"
EndProject
Project("{FAE04EC0-301F-11D3-BF4B-00C04F79EFBC}") = "PackIT.Api", "src\PackIT.Api\PackIT.Api.csproj", "{5F9AF232-10F0-4FF3-8B2C-A2FF6CE86025}"
EndProject
Project("{FAE04EC0-301F-11D3-BF4B-00C04F79EFBC}") = "PackIT.Application", "src\PackIT.Application\PackIT.Application.csproj", "{1233FC77-9326-4233-94F7-6D5F5A86927F}"
EndProject
Project("{FAE04EC0-301F-11D3-BF4B-00C04F79EFBC}") = "PackIT.Domain", "src\PackIT.Domain\PackIT.Domain.csproj", "{8F576EEA-45C3-4967-A65D-8BF7442E3F06}"
EndProject
Project("{FAE04EC0-301F-11D3-BF4B-00C04F79EFBC}") = "PackIT.Infrastructure", "src\PackIT.Infrastructure\PackIT.Infrastructure.csproj", "{08851441-5B1B-4959-B29F-24BF263AD57E}"
EndProject
Global
	GlobalSection(SolutionConfigurationPlatforms) = preSolution
		Debug|Any CPU = Debug|Any CPU
		Release|Any CPU = Release|Any CPU
	EndGlobalSection
	GlobalSection(ProjectConfigurationPlatforms) = postSolution
		{7C18F30B-0D3D-4F09-93B9-7F7CA131DF5E}.Debug|Any CPU.ActiveCfg = Debug|Any CPU
		{7C18F30B-0D3D-4F09-93B9-7F7CA131DF5E}.Debug|Any CPU.Build.0 = Debug|Any CPU
		{7C18F30B-0D3D-4F09-93B9-7F7CA131DF5E}.Release|Any CPU.ActiveCfg = Release|Any CPU
		{7C18F30B-0D3D-4F09-93B9-7F7CA131DF5E}.Release|Any CPU.Build.0 = Release|Any CPU
		{E1DE8226-B315-4976-B01B-B08B687C1621}.Debug|Any CPU.ActiveCfg = Debug|Any CPU
		{E1DE8226-B315-4976-B01B-B08B687C1621}.Debug|Any CPU.Build.0 = Debug|Any CPU
		{E1DE8226-B315-4976-B01B-B08B687C1621}.Release|Any CPU.ActiveCfg = Release|Any CPU
		{E1DE8226-B315-4976-B01B-B08B687C1621}.Release|Any CPU.Build.0 = Release|Any CPU
		{5F9AF232-10F0-4FF3-8B2C-A2FF6CE86025}.Debug|Any CPU.ActiveCfg = Debug|Any CPU
		{5F9AF232-10F0-4FF3-8B2C-A2FF6CE86025}.Debug|Any CPU.Build.0 = Debug|Any CPU
		{5F9AF232-10F0-4FF3-8B2C-A2FF6CE86025}.Release|Any CPU.ActiveCfg = Release|Any CPU
		{5F9AF232-10F0-4FF3-8B2C-A2FF6CE86025}.Release|Any CPU.Build.0 = Release|Any CPU
		{1233FC77-9326-4233-94F7-6D5F5A86927F}.Debug|Any CPU.ActiveCfg = Debug|Any CPU
		{1233FC77-9326-4233-94F7-6D5F5A86927F}.Debug|Any CPU.Build.0 = Debug|Any CPU
		{1233FC77-9326-4233-94F7-6D5F5A86927F}.Release|Any CPU.ActiveCfg = Release|Any CPU
		{1233FC77-9326-4233-94F7-6D5F5A86927F}.Release|Any CPU.Build.0 = Release|Any CPU
		{8F576EEA-45C3-4967-A65D-8BF7442E3F06}.Debug|Any CPU.ActiveCfg = Debug|Any CPU
		{8F576EEA-45C3-4967-A65D-8BF7442E3F06}.Debug|Any CPU.Build.0 = Debug|Any CPU
		{8F576EEA-45C3-4967-A65D-8BF7442E3F06}.Release|Any CPU.ActiveCfg = Release|Any CPU
		{8F576EEA-45C3-4967-A65D-8BF7442E3F06}.Release|Any CPU.Build.0 = Release|Any CPU
		{08851441-5B1B-4959-B29F-24BF263AD57E}.Debug|Any CPU.ActiveCfg = Debug|Any CPU
		{08851441-5B1B-4959-B29F-24BF263AD57E}.Debug|Any CPU.Build.0 = Debug|Any CPU
		{08851441-5B1B-4959-B29F-24BF263AD57E}.Release|Any CPU.ActiveCfg = Release|Any CPU
		{08851441-5B1B-4959-B29F-24BF263AD57E}.Release|Any CPU.Build.0 = Release|Any CPU
	EndGlobalSection
	GlobalSection(SolutionProperties) = preSolution
		HideSolutionNode = FALSE
	EndGlobalSection
	GlobalSection(NestedProjects) = preSolution
		{ED2EB4C0-5D17-4F06-B05E-FC90CC1EDFC7} = {AB42AC70-8C08-4521-897A-758BD70234DD}
		{7C18F30B-0D3D-4F09-93B9-7F7CA131DF5E} = {ED2EB4C0-5D17-4F06-B05E-FC90CC1EDFC7}
		{E1DE8226-B315-4976-B01B-B08B687C1621} = {ED2EB4C0-5D17-4F06-B05E-FC90CC1EDFC7}
		{5F9AF232-10F0-4FF3-8B2C-A2FF6CE86025} = {AB42AC70-8C08-4521-897A-758BD70234DD}
		{1233FC77-9326-4233-94F7-6D5F5A86927F} = {AB42AC70-8C08-4521-897A-758BD70234DD}
		{8F576EEA-45C3-4967-A65D-8BF7442E3F06} = {AB42AC70-8C08-4521-897A-758BD70234DD}
		{08851441-5B1B-4959-B29F-24BF263AD57E} = {AB42AC70-8C08-4521-897A-758BD70234DD}
	EndGlobalSection
	GlobalSection(ExtensibilityGlobals) = postSolution
		SolutionGuid = {7149DB77-F6D9-4E2C-BC23-85CCC4E7EC12}
	EndGlobalSection
EndGlobal
